
Microsoft Visual Studio Solution File, Format Version 12.00
# Visual Studio Version 16
VisualStudioVersion = 16.0.31410.357
MinimumVisualStudioVersion = 10.0.40219.1
Project("{FAE04EC0-301F-11D3-BF4B-00C04F79EFBC}") = "GISTransform.Amap", "GISTransform.Amap\GISTransform.Amap.csproj", "{8DC27D20-06AA-456B-9F7B-7874DDF874DE}"
EndProject
Project("{FAE04EC0-301F-11D3-BF4B-00C04F79EFBC}") = "GISTransform.Utils", "GISTransform.Utils\GISTransform.Utils.csproj", "{C30505B3-19C9-402C-9396-198FA66121EE}"
EndProject
Global
	GlobalSection(SolutionConfigurationPlatforms) = preSolution
		Debug|Any CPU = Debug|Any CPU
		Release|Any CPU = Release|Any CPU
	EndGlobalSection
	GlobalSection(ProjectConfigurationPlatforms) = postSolution
		{8DC27D20-06AA-456B-9F7B-7874DDF874DE}.Debug|Any CPU.ActiveCfg = Debug|Any CPU
		{8DC27D20-06AA-456B-9F7B-7874DDF874DE}.Debug|Any CPU.Build.0 = Debug|Any CPU
		{8DC27D20-06AA-456B-9F7B-7874DDF874DE}.Release|Any CPU.ActiveCfg = Release|Any CPU
		{8DC27D20-06AA-456B-9F7B-7874DDF874DE}.Release|Any CPU.Build.0 = Release|Any CPU
		{C30505B3-19C9-402C-9396-198FA66121EE}.Debug|Any CPU.ActiveCfg = Debug|Any CPU
		{C30505B3-19C9-402C-9396-198FA66121EE}.Debug|Any CPU.Build.0 = Debug|Any CPU
		{C30505B3-19C9-402C-9396-198FA66121EE}.Release|Any CPU.ActiveCfg = Release|Any CPU
		{C30505B3-19C9-402C-9396-198FA66121EE}.Release|Any CPU.Build.0 = Release|Any CPU
	EndGlobalSection
	GlobalSection(SolutionProperties) = preSolution
		HideSolutionNode = FALSE
	EndGlobalSection
	GlobalSection(ExtensibilityGlobals) = postSolution
		SolutionGuid = {A89C02DE-579F-42DD-919F-D5523B266A51}
	EndGlobalSection
EndGlobal
